// !$*UTF8*$!
{
	archiveVersion = 1;
	classes = {
	};
	objectVersion = 56;
	objects = {

/* Begin PBXBuildFile section */
		312E4AD72B042B1E00DDF3C7 /* PlantRow.swift in Sources */ = {isa = PBXBuildFile; fileRef = 312E4AD62B042B1E00DDF3C7 /* PlantRow.swift */; };
		31D50EAB2B08514100235964 /* NotificationView.swift in Sources */ = {isa = PBXBuildFile; fileRef = 31D50EAA2B08514000235964 /* NotificationView.swift */; };
		31D50EAD2B08546300235964 /* NotificationRow.swift in Sources */ = {isa = PBXBuildFile; fileRef = 31D50EAC2B08546300235964 /* NotificationRow.swift */; };
		31D50EB02B085E1E00235964 /* DiscoverView.swift in Sources */ = {isa = PBXBuildFile; fileRef = 31D50EAF2B085E1E00235964 /* DiscoverView.swift */; };
		31D50EB32B086EF800235964 /* CommunityView.swift in Sources */ = {isa = PBXBuildFile; fileRef = 31D50EB22B086EF800235964 /* CommunityView.swift */; };
		31D50EB72B086FC700235964 /* PostRow.swift in Sources */ = {isa = PBXBuildFile; fileRef = 31D50EB62B086FC700235964 /* PostRow.swift */; };
		31E1E3542AFF4BDC00A5F7CE /* GardenARApp.swift in Sources */ = {isa = PBXBuildFile; fileRef = 31E1E3532AFF4BDC00A5F7CE /* GardenARApp.swift */; };
		31E1E3562AFF4BDC00A5F7CE /* ContentView.swift in Sources */ = {isa = PBXBuildFile; fileRef = 31E1E3552AFF4BDC00A5F7CE /* ContentView.swift */; };
		31E1E3582AFF4BDE00A5F7CE /* Assets.xcassets in Resources */ = {isa = PBXBuildFile; fileRef = 31E1E3572AFF4BDE00A5F7CE /* Assets.xcassets */; };
		31E1E35B2AFF4BDE00A5F7CE /* Preview Assets.xcassets in Resources */ = {isa = PBXBuildFile; fileRef = 31E1E35A2AFF4BDE00A5F7CE /* Preview Assets.xcassets */; };
		31E1E3662AFF510200A5F7CE /* GardenView.swift in Sources */ = {isa = PBXBuildFile; fileRef = 31E1E3652AFF510200A5F7CE /* GardenView.swift */; };
		31E1E3682AFF512100A5F7CE /* TabBar.swift in Sources */ = {isa = PBXBuildFile; fileRef = 31E1E3672AFF512100A5F7CE /* TabBar.swift */; };
		31E1E3742AFF586800A5F7CE /* SearchView.swift in Sources */ = {isa = PBXBuildFile; fileRef = 31E1E3732AFF586800A5F7CE /* SearchView.swift */; };
		7E6FC30D2B9EB51A003814A2 /* LoginView.swift in Sources */ = {isa = PBXBuildFile; fileRef = 7E6FC30C2B9EB51A003814A2 /* LoginView.swift */; };
		7E6FC30F2B9EB5ED003814A2 /* RegisterView.swift in Sources */ = {isa = PBXBuildFile; fileRef = 7E6FC30E2B9EB5ED003814A2 /* RegisterView.swift */; };
		7E9358912BB102DF004A6798 /* LaunchScreen.storyboard in Resources */ = {isa = PBXBuildFile; fileRef = 7E9358902BB102DF004A6798 /* LaunchScreen.storyboard */; };
		7EB72D162BB3641700B4DDE8 /* AccountModel.swift in Sources */ = {isa = PBXBuildFile; fileRef = 7EB72D152BB3641700B4DDE8 /* AccountModel.swift */; };
		7EB72D182BB365C700B4DDE8 /* CompendiumModel.swift in Sources */ = {isa = PBXBuildFile; fileRef = 7EB72D172BB365C700B4DDE8 /* CompendiumModel.swift */; };
		7EB72D1A2BB365FE00B4DDE8 /* PlantModel.swift in Sources */ = {isa = PBXBuildFile; fileRef = 7EB72D192BB365FE00B4DDE8 /* PlantModel.swift */; };
		7EB72D1C2BB366A000B4DDE8 /* PostModel.swift in Sources */ = {isa = PBXBuildFile; fileRef = 7EB72D1B2BB366A000B4DDE8 /* PostModel.swift */; };
		7EB72D282BB39EB000B4DDE8 /* AccountReply.swift in Sources */ = {isa = PBXBuildFile; fileRef = 7EB72D272BB39EB000B4DDE8 /* AccountReply.swift */; };
		7EB72D2C2BB39ED600B4DDE8 /* AccountRequest.swift in Sources */ = {isa = PBXBuildFile; fileRef = 7EB72D2B2BB39ED600B4DDE8 /* AccountRequest.swift */; };
		7EB72D2E2BB39EF500B4DDE8 /* CompendiumRequest.swift in Sources */ = {isa = PBXBuildFile; fileRef = 7EB72D2D2BB39EF500B4DDE8 /* CompendiumRequest.swift */; };
		7EB72D302BB39F0900B4DDE8 /* PlantRequest.swift in Sources */ = {isa = PBXBuildFile; fileRef = 7EB72D2F2BB39F0900B4DDE8 /* PlantRequest.swift */; };
		7EB72D322BB39F1600B4DDE8 /* PostRequest.swift in Sources */ = {isa = PBXBuildFile; fileRef = 7EB72D312BB39F1600B4DDE8 /* PostRequest.swift */; };
		7EB72D342BB39F4500B4DDE8 /* CompendiumReply.swift in Sources */ = {isa = PBXBuildFile; fileRef = 7EB72D332BB39F4500B4DDE8 /* CompendiumReply.swift */; };
		7EB72D362BB39F4E00B4DDE8 /* PlantReply.swift in Sources */ = {isa = PBXBuildFile; fileRef = 7EB72D352BB39F4E00B4DDE8 /* PlantReply.swift */; };
		7EB72D382BB39F5800B4DDE8 /* PostReply.swift in Sources */ = {isa = PBXBuildFile; fileRef = 7EB72D372BB39F5800B4DDE8 /* PostReply.swift */; };
		7EB72D3F2BB3D71500B4DDE8 /* ErrorReply.swift in Sources */ = {isa = PBXBuildFile; fileRef = 7EB72D3E2BB3D71500B4DDE8 /* ErrorReply.swift */; };
		7EB72D412BB4E8D700B4DDE8 /* SessionReply.swift in Sources */ = {isa = PBXBuildFile; fileRef = 7EB72D402BB4E8D700B4DDE8 /* SessionReply.swift */; };
		7EB72D432BB4E91B00B4DDE8 /* SessionRequest.swift in Sources */ = {isa = PBXBuildFile; fileRef = 7EB72D422BB4E91B00B4DDE8 /* SessionRequest.swift */; };
		7EB72D472BB512B300B4DDE8 /* AccountNetwork.swift in Sources */ = {isa = PBXBuildFile; fileRef = 7EB72D462BB512B300B4DDE8 /* AccountNetwork.swift */; };
		7EB72D492BB5147F00B4DDE8 /* SessionNetwork.swift in Sources */ = {isa = PBXBuildFile; fileRef = 7EB72D482BB5147F00B4DDE8 /* SessionNetwork.swift */; };
		7EB72D4B2BB51C2E00B4DDE8 /* CompendiumNetwork.swift in Sources */ = {isa = PBXBuildFile; fileRef = 7EB72D4A2BB51C2E00B4DDE8 /* CompendiumNetwork.swift */; };
		7EB72D4D2BB51C9800B4DDE8 /* PlantNetwork.swift in Sources */ = {isa = PBXBuildFile; fileRef = 7EB72D4C2BB51C9800B4DDE8 /* PlantNetwork.swift */; };
		7EB72D4F2BB51CBD00B4DDE8 /* PostNetwork.swift in Sources */ = {isa = PBXBuildFile; fileRef = 7EB72D4E2BB51CBD00B4DDE8 /* PostNetwork.swift */; };
		7EDE99FB2BBFCCF800BFB6A5 /* PlantInfo.swift in Sources */ = {isa = PBXBuildFile; fileRef = 7EDE99FA2BBFCCF800BFB6A5 /* PlantInfo.swift */; };
		7EDE99FE2BBFD6CA00BFB6A5 /* CompendiumRow.swift in Sources */ = {isa = PBXBuildFile; fileRef = 7EDE99FD2BBFD6CA00BFB6A5 /* CompendiumRow.swift */; };
		7EDE9A002BBFD6D600BFB6A5 /* CompendiumInfo.swift in Sources */ = {isa = PBXBuildFile; fileRef = 7EDE99FF2BBFD6D600BFB6A5 /* CompendiumInfo.swift */; };
		7EDE9A022BC0073000BFB6A5 /* UserHeaderBar.swift in Sources */ = {isa = PBXBuildFile; fileRef = 7EDE9A012BC0073000BFB6A5 /* UserHeaderBar.swift */; };
		7EEE2D182BB7804E002B2A9B /* CommentModel.swift in Sources */ = {isa = PBXBuildFile; fileRef = 7EEE2D172BB7804E002B2A9B /* CommentModel.swift */; };
		7EEE2D1A2BB781FE002B2A9B /* CommentRequest.swift in Sources */ = {isa = PBXBuildFile; fileRef = 7EEE2D192BB781FE002B2A9B /* CommentRequest.swift */; };
		7EEE2D1C2BB7823E002B2A9B /* CommentReply.swift in Sources */ = {isa = PBXBuildFile; fileRef = 7EEE2D1B2BB7823E002B2A9B /* CommentReply.swift */; };
		7EEE2D1E2BB78282002B2A9B /* CommentNetwork.swift in Sources */ = {isa = PBXBuildFile; fileRef = 7EEE2D1D2BB78282002B2A9B /* CommentNetwork.swift */; };
		7EFEF45D2BD4963B007B80E1 /* CategoryModel.swift in Sources */ = {isa = PBXBuildFile; fileRef = 7EFEF45C2BD4963B007B80E1 /* CategoryModel.swift */; };
		7EFEF45F2BD49783007B80E1 /* CategoryReply.swift in Sources */ = {isa = PBXBuildFile; fileRef = 7EFEF45E2BD49783007B80E1 /* CategoryReply.swift */; };
		7EFEF4612BD49817007B80E1 /* CategoryRequest.swift in Sources */ = {isa = PBXBuildFile; fileRef = 7EFEF4602BD49817007B80E1 /* CategoryRequest.swift */; };
		7EFEF4632BD49DA3007B80E1 /* CategoryNetwork.swift in Sources */ = {isa = PBXBuildFile; fileRef = 7EFEF4622BD49DA3007B80E1 /* CategoryNetwork.swift */; };
/* End PBXBuildFile section */

/* Begin PBXFileReference section */
		312E4AD62B042B1E00DDF3C7 /* PlantRow.swift */ = {isa = PBXFileReference; lastKnownFileType = sourcecode.swift; path = PlantRow.swift; sourceTree = "<group>"; };
		31D50EAA2B08514000235964 /* NotificationView.swift */ = {isa = PBXFileReference; lastKnownFileType = sourcecode.swift; path = NotificationView.swift; sourceTree = "<group>"; };
		31D50EAC2B08546300235964 /* NotificationRow.swift */ = {isa = PBXFileReference; lastKnownFileType = sourcecode.swift; path = NotificationRow.swift; sourceTree = "<group>"; };
		31D50EAF2B085E1E00235964 /* DiscoverView.swift */ = {isa = PBXFileReference; lastKnownFileType = sourcecode.swift; path = DiscoverView.swift; sourceTree = "<group>"; };
		31D50EB22B086EF800235964 /* CommunityView.swift */ = {isa = PBXFileReference; lastKnownFileType = sourcecode.swift; path = CommunityView.swift; sourceTree = "<group>"; };
		31D50EB62B086FC700235964 /* PostRow.swift */ = {isa = PBXFileReference; lastKnownFileType = sourcecode.swift; path = PostRow.swift; sourceTree = "<group>"; };
		31E1E3502AFF4BDC00A5F7CE /* GardenAR.app */ = {isa = PBXFileReference; explicitFileType = wrapper.application; includeInIndex = 0; path = GardenAR.app; sourceTree = BUILT_PRODUCTS_DIR; };
		31E1E3532AFF4BDC00A5F7CE /* GardenARApp.swift */ = {isa = PBXFileReference; lastKnownFileType = sourcecode.swift; path = GardenARApp.swift; sourceTree = "<group>"; };
		31E1E3552AFF4BDC00A5F7CE /* ContentView.swift */ = {isa = PBXFileReference; lastKnownFileType = sourcecode.swift; path = ContentView.swift; sourceTree = "<group>"; };
		31E1E3572AFF4BDE00A5F7CE /* Assets.xcassets */ = {isa = PBXFileReference; lastKnownFileType = folder.assetcatalog; path = Assets.xcassets; sourceTree = "<group>"; };
		31E1E35A2AFF4BDE00A5F7CE /* Preview Assets.xcassets */ = {isa = PBXFileReference; lastKnownFileType = folder.assetcatalog; path = "Preview Assets.xcassets"; sourceTree = "<group>"; };
		31E1E3652AFF510200A5F7CE /* GardenView.swift */ = {isa = PBXFileReference; lastKnownFileType = sourcecode.swift; path = GardenView.swift; sourceTree = "<group>"; };
		31E1E3672AFF512100A5F7CE /* TabBar.swift */ = {isa = PBXFileReference; lastKnownFileType = sourcecode.swift; path = TabBar.swift; sourceTree = "<group>"; };
		31E1E3732AFF586800A5F7CE /* SearchView.swift */ = {isa = PBXFileReference; lastKnownFileType = sourcecode.swift; path = SearchView.swift; sourceTree = "<group>"; };
		7E6FC30C2B9EB51A003814A2 /* LoginView.swift */ = {isa = PBXFileReference; lastKnownFileType = sourcecode.swift; path = LoginView.swift; sourceTree = "<group>"; };
		7E6FC30E2B9EB5ED003814A2 /* RegisterView.swift */ = {isa = PBXFileReference; lastKnownFileType = sourcecode.swift; path = RegisterView.swift; sourceTree = "<group>"; };
		7E9358902BB102DF004A6798 /* LaunchScreen.storyboard */ = {isa = PBXFileReference; fileEncoding = 4; lastKnownFileType = file.storyboard; path = LaunchScreen.storyboard; sourceTree = "<group>"; };
		7EB72D152BB3641700B4DDE8 /* AccountModel.swift */ = {isa = PBXFileReference; lastKnownFileType = sourcecode.swift; path = AccountModel.swift; sourceTree = "<group>"; };
		7EB72D172BB365C700B4DDE8 /* CompendiumModel.swift */ = {isa = PBXFileReference; lastKnownFileType = sourcecode.swift; path = CompendiumModel.swift; sourceTree = "<group>"; };
		7EB72D192BB365FE00B4DDE8 /* PlantModel.swift */ = {isa = PBXFileReference; lastKnownFileType = sourcecode.swift; path = PlantModel.swift; sourceTree = "<group>"; };
		7EB72D1B2BB366A000B4DDE8 /* PostModel.swift */ = {isa = PBXFileReference; lastKnownFileType = sourcecode.swift; path = PostModel.swift; sourceTree = "<group>"; };
		7EB72D272BB39EB000B4DDE8 /* AccountReply.swift */ = {isa = PBXFileReference; lastKnownFileType = sourcecode.swift; path = AccountReply.swift; sourceTree = "<group>"; };
		7EB72D2B2BB39ED600B4DDE8 /* AccountRequest.swift */ = {isa = PBXFileReference; lastKnownFileType = sourcecode.swift; path = AccountRequest.swift; sourceTree = "<group>"; };
		7EB72D2D2BB39EF500B4DDE8 /* CompendiumRequest.swift */ = {isa = PBXFileReference; lastKnownFileType = sourcecode.swift; path = CompendiumRequest.swift; sourceTree = "<group>"; };
		7EB72D2F2BB39F0900B4DDE8 /* PlantRequest.swift */ = {isa = PBXFileReference; lastKnownFileType = sourcecode.swift; path = PlantRequest.swift; sourceTree = "<group>"; };
		7EB72D312BB39F1600B4DDE8 /* PostRequest.swift */ = {isa = PBXFileReference; lastKnownFileType = sourcecode.swift; path = PostRequest.swift; sourceTree = "<group>"; };
		7EB72D332BB39F4500B4DDE8 /* CompendiumReply.swift */ = {isa = PBXFileReference; lastKnownFileType = sourcecode.swift; path = CompendiumReply.swift; sourceTree = "<group>"; };
		7EB72D352BB39F4E00B4DDE8 /* PlantReply.swift */ = {isa = PBXFileReference; lastKnownFileType = sourcecode.swift; path = PlantReply.swift; sourceTree = "<group>"; };
		7EB72D372BB39F5800B4DDE8 /* PostReply.swift */ = {isa = PBXFileReference; lastKnownFileType = sourcecode.swift; path = PostReply.swift; sourceTree = "<group>"; };
		7EB72D3E2BB3D71500B4DDE8 /* ErrorReply.swift */ = {isa = PBXFileReference; lastKnownFileType = sourcecode.swift; path = ErrorReply.swift; sourceTree = "<group>"; };
		7EB72D402BB4E8D700B4DDE8 /* SessionReply.swift */ = {isa = PBXFileReference; lastKnownFileType = sourcecode.swift; path = SessionReply.swift; sourceTree = "<group>"; };
		7EB72D422BB4E91B00B4DDE8 /* SessionRequest.swift */ = {isa = PBXFileReference; lastKnownFileType = sourcecode.swift; path = SessionRequest.swift; sourceTree = "<group>"; };
		7EB72D462BB512B300B4DDE8 /* AccountNetwork.swift */ = {isa = PBXFileReference; lastKnownFileType = sourcecode.swift; path = AccountNetwork.swift; sourceTree = "<group>"; };
		7EB72D482BB5147F00B4DDE8 /* SessionNetwork.swift */ = {isa = PBXFileReference; lastKnownFileType = sourcecode.swift; path = SessionNetwork.swift; sourceTree = "<group>"; };
		7EB72D4A2BB51C2E00B4DDE8 /* CompendiumNetwork.swift */ = {isa = PBXFileReference; lastKnownFileType = sourcecode.swift; path = CompendiumNetwork.swift; sourceTree = "<group>"; };
		7EB72D4C2BB51C9800B4DDE8 /* PlantNetwork.swift */ = {isa = PBXFileReference; lastKnownFileType = sourcecode.swift; path = PlantNetwork.swift; sourceTree = "<group>"; };
		7EB72D4E2BB51CBD00B4DDE8 /* PostNetwork.swift */ = {isa = PBXFileReference; lastKnownFileType = sourcecode.swift; path = PostNetwork.swift; sourceTree = "<group>"; };
		7EDE99FA2BBFCCF800BFB6A5 /* PlantInfo.swift */ = {isa = PBXFileReference; lastKnownFileType = sourcecode.swift; path = PlantInfo.swift; sourceTree = "<group>"; };
		7EDE99FD2BBFD6CA00BFB6A5 /* CompendiumRow.swift */ = {isa = PBXFileReference; lastKnownFileType = sourcecode.swift; path = CompendiumRow.swift; sourceTree = "<group>"; };
		7EDE99FF2BBFD6D600BFB6A5 /* CompendiumInfo.swift */ = {isa = PBXFileReference; lastKnownFileType = sourcecode.swift; path = CompendiumInfo.swift; sourceTree = "<group>"; };
		7EDE9A012BC0073000BFB6A5 /* UserHeaderBar.swift */ = {isa = PBXFileReference; lastKnownFileType = sourcecode.swift; path = UserHeaderBar.swift; sourceTree = "<group>"; };
		7EEE2D172BB7804E002B2A9B /* CommentModel.swift */ = {isa = PBXFileReference; lastKnownFileType = sourcecode.swift; path = CommentModel.swift; sourceTree = "<group>"; };
		7EEE2D192BB781FE002B2A9B /* CommentRequest.swift */ = {isa = PBXFileReference; lastKnownFileType = sourcecode.swift; path = CommentRequest.swift; sourceTree = "<group>"; };
		7EEE2D1B2BB7823E002B2A9B /* CommentReply.swift */ = {isa = PBXFileReference; lastKnownFileType = sourcecode.swift; path = CommentReply.swift; sourceTree = "<group>"; };
		7EEE2D1D2BB78282002B2A9B /* CommentNetwork.swift */ = {isa = PBXFileReference; lastKnownFileType = sourcecode.swift; path = CommentNetwork.swift; sourceTree = "<group>"; };
		7EFEF45C2BD4963B007B80E1 /* CategoryModel.swift */ = {isa = PBXFileReference; lastKnownFileType = sourcecode.swift; path = CategoryModel.swift; sourceTree = "<group>"; };
		7EFEF45E2BD49783007B80E1 /* CategoryReply.swift */ = {isa = PBXFileReference; lastKnownFileType = sourcecode.swift; path = CategoryReply.swift; sourceTree = "<group>"; };
		7EFEF4602BD49817007B80E1 /* CategoryRequest.swift */ = {isa = PBXFileReference; lastKnownFileType = sourcecode.swift; path = CategoryRequest.swift; sourceTree = "<group>"; };
		7EFEF4622BD49DA3007B80E1 /* CategoryNetwork.swift */ = {isa = PBXFileReference; lastKnownFileType = sourcecode.swift; path = CategoryNetwork.swift; sourceTree = "<group>"; };
/* End PBXFileReference section */

/* Begin PBXFrameworksBuildPhase section */
		31E1E34D2AFF4BDC00A5F7CE /* Frameworks */ = {
			isa = PBXFrameworksBuildPhase;
			buildActionMask = 2147483647;
			files = (
			);
			runOnlyForDeploymentPostprocessing = 0;
		};
/* End PBXFrameworksBuildPhase section */

/* Begin PBXGroup section */
		312E4AD52B042B1400DDF3C7 /* Items */ = {
			isa = PBXGroup;
			children = (
				312E4AD62B042B1E00DDF3C7 /* PlantRow.swift */,
				7EDE99FA2BBFCCF800BFB6A5 /* PlantInfo.swift */,
				7EDE9A012BC0073000BFB6A5 /* UserHeaderBar.swift */,
			);
			path = Items;
			sourceTree = "<group>";
		};
		31D50EA62B082BD400235964 /* Authentication */ = {
			isa = PBXGroup;
			children = (
				7E6FC30C2B9EB51A003814A2 /* LoginView.swift */,
				7E6FC30E2B9EB5ED003814A2 /* RegisterView.swift */,
			);
			path = Authentication;
			sourceTree = "<group>";
		};
		31D50EA92B08512F00235964 /* Notifications */ = {
			isa = PBXGroup;
			children = (
				31D50EB42B086FA300235964 /* Items */,
				31D50EAA2B08514000235964 /* NotificationView.swift */,
			);
			path = Notifications;
			sourceTree = "<group>";
		};
		31D50EAE2B085DFF00235964 /* Discover */ = {
			isa = PBXGroup;
			children = (
				31D50EAF2B085E1E00235964 /* DiscoverView.swift */,
			);
			path = Discover;
			sourceTree = "<group>";
		};
		31D50EB12B086EEB00235964 /* Community */ = {
			isa = PBXGroup;
			children = (
				31D50EB52B086FB800235964 /* Items */,
				31D50EB22B086EF800235964 /* CommunityView.swift */,
			);
			path = Community;
			sourceTree = "<group>";
		};
		31D50EB42B086FA300235964 /* Items */ = {
			isa = PBXGroup;
			children = (
				31D50EAC2B08546300235964 /* NotificationRow.swift */,
			);
			path = Items;
			sourceTree = "<group>";
		};
		31D50EB52B086FB800235964 /* Items */ = {
			isa = PBXGroup;
			children = (
				31D50EB62B086FC700235964 /* PostRow.swift */,
			);
			path = Items;
			sourceTree = "<group>";
		};
		31E1E3472AFF4BDC00A5F7CE = {
			isa = PBXGroup;
			children = (
				31E1E3522AFF4BDC00A5F7CE /* GardenAR */,
				31E1E3512AFF4BDC00A5F7CE /* Products */,
			);
			sourceTree = "<group>";
		};
		31E1E3512AFF4BDC00A5F7CE /* Products */ = {
			isa = PBXGroup;
			children = (
				31E1E3502AFF4BDC00A5F7CE /* GardenAR.app */,
			);
			name = Products;
			sourceTree = "<group>";
		};
		31E1E3522AFF4BDC00A5F7CE /* GardenAR */ = {
			isa = PBXGroup;
			children = (
				7EB72D142BB3629A00B4DDE8 /* Service */,
				31D50EA62B082BD400235964 /* Authentication */,
				31D50EB12B086EEB00235964 /* Community */,
				31E1E3722AFF585A00A5F7CE /* Search */,
				31E1E3622AFF50A000A5F7CE /* Garden */,
				31E1E3612AFF507600A5F7CE /* Navigation */,
				31E1E3532AFF4BDC00A5F7CE /* GardenARApp.swift */,
				31D50EAE2B085DFF00235964 /* Discover */,
				31D50EA92B08512F00235964 /* Notifications */,
				7E93588F2BB102DF004A6798 /* Splash */,
				31E1E3592AFF4BDE00A5F7CE /* Preview Content */,
				31E1E3572AFF4BDE00A5F7CE /* Assets.xcassets */,
			);
			path = GardenAR;
			sourceTree = "<group>";
		};
		31E1E3592AFF4BDE00A5F7CE /* Preview Content */ = {
			isa = PBXGroup;
			children = (
				31E1E35A2AFF4BDE00A5F7CE /* Preview Assets.xcassets */,
			);
			path = "Preview Content";
			sourceTree = "<group>";
		};
		31E1E3612AFF507600A5F7CE /* Navigation */ = {
			isa = PBXGroup;
			children = (
				31E1E3552AFF4BDC00A5F7CE /* ContentView.swift */,
				31E1E3672AFF512100A5F7CE /* TabBar.swift */,
			);
			path = Navigation;
			sourceTree = "<group>";
		};
		31E1E3622AFF50A000A5F7CE /* Garden */ = {
			isa = PBXGroup;
			children = (
				312E4AD52B042B1400DDF3C7 /* Items */,
				31E1E3652AFF510200A5F7CE /* GardenView.swift */,
			);
			path = Garden;
			sourceTree = "<group>";
		};
		31E1E3722AFF585A00A5F7CE /* Search */ = {
			isa = PBXGroup;
			children = (
				7EDE99FC2BBFD6BD00BFB6A5 /* Items */,
				31E1E3732AFF586800A5F7CE /* SearchView.swift */,
			);
			path = Search;
			sourceTree = "<group>";
		};
		7E93588F2BB102DF004A6798 /* Splash */ = {
			isa = PBXGroup;
			children = (
				7E9358902BB102DF004A6798 /* LaunchScreen.storyboard */,
			);
			path = Splash;
			sourceTree = "<group>";
		};
		7EB72D142BB3629A00B4DDE8 /* Service */ = {
			isa = PBXGroup;
			children = (
				7EEE2D152BB751F7002B2A9B /* Model */,
				7EB72D442BB5127200B4DDE8 /* Network */,
				7EB72D292BB39EC000B4DDE8 /* Request */,
				7EB72D262BB39EA000B4DDE8 /* Reply */,
			);
			path = Service;
			sourceTree = "<group>";
		};
		7EB72D262BB39EA000B4DDE8 /* Reply */ = {
			isa = PBXGroup;
			children = (
				7EB72D3E2BB3D71500B4DDE8 /* ErrorReply.swift */,
				7EB72D272BB39EB000B4DDE8 /* AccountReply.swift */,
				7EFEF45E2BD49783007B80E1 /* CategoryReply.swift */,
				7EEE2D1B2BB7823E002B2A9B /* CommentReply.swift */,
				7EB72D332BB39F4500B4DDE8 /* CompendiumReply.swift */,
				7EB72D352BB39F4E00B4DDE8 /* PlantReply.swift */,
				7EB72D372BB39F5800B4DDE8 /* PostReply.swift */,
				7EB72D402BB4E8D700B4DDE8 /* SessionReply.swift */,
			);
			path = Reply;
			sourceTree = "<group>";
		};
		7EB72D292BB39EC000B4DDE8 /* Request */ = {
			isa = PBXGroup;
			children = (
				7EB72D2B2BB39ED600B4DDE8 /* AccountRequest.swift */,
				7EFEF4602BD49817007B80E1 /* CategoryRequest.swift */,
				7EEE2D192BB781FE002B2A9B /* CommentRequest.swift */,
				7EB72D2D2BB39EF500B4DDE8 /* CompendiumRequest.swift */,
				7EB72D2F2BB39F0900B4DDE8 /* PlantRequest.swift */,
				7EB72D312BB39F1600B4DDE8 /* PostRequest.swift */,
				7EB72D422BB4E91B00B4DDE8 /* SessionRequest.swift */,
			);
			path = Request;
			sourceTree = "<group>";
		};
		7EB72D442BB5127200B4DDE8 /* Network */ = {
			isa = PBXGroup;
			children = (
				7EB72D462BB512B300B4DDE8 /* AccountNetwork.swift */,
				7EFEF4622BD49DA3007B80E1 /* CategoryNetwork.swift */,
				7EEE2D1D2BB78282002B2A9B /* CommentNetwork.swift */,
				7EB72D4A2BB51C2E00B4DDE8 /* CompendiumNetwork.swift */,
				7EB72D4C2BB51C9800B4DDE8 /* PlantNetwork.swift */,
				7EB72D4E2BB51CBD00B4DDE8 /* PostNetwork.swift */,
				7EB72D482BB5147F00B4DDE8 /* SessionNetwork.swift */,
			);
			path = Network;
			sourceTree = "<group>";
		};
		7EDE99FC2BBFD6BD00BFB6A5 /* Items */ = {
			isa = PBXGroup;
			children = (
				7EDE99FD2BBFD6CA00BFB6A5 /* CompendiumRow.swift */,
				7EDE99FF2BBFD6D600BFB6A5 /* CompendiumInfo.swift */,
			);
			path = Items;
			sourceTree = "<group>";
		};
		7EEE2D152BB751F7002B2A9B /* Model */ = {
			isa = PBXGroup;
			children = (
				7EB72D152BB3641700B4DDE8 /* AccountModel.swift */,
				7EFEF45C2BD4963B007B80E1 /* CategoryModel.swift */,
				7EEE2D172BB7804E002B2A9B /* CommentModel.swift */,
				7EB72D172BB365C700B4DDE8 /* CompendiumModel.swift */,
				7EB72D192BB365FE00B4DDE8 /* PlantModel.swift */,
				7EB72D1B2BB366A000B4DDE8 /* PostModel.swift */,
			);
			path = Model;
			sourceTree = "<group>";
		};
/* End PBXGroup section */

/* Begin PBXNativeTarget section */
		31E1E34F2AFF4BDC00A5F7CE /* GardenAR */ = {
			isa = PBXNativeTarget;
			buildConfigurationList = 31E1E35E2AFF4BDE00A5F7CE /* Build configuration list for PBXNativeTarget "GardenAR" */;
			buildPhases = (
				31E1E34C2AFF4BDC00A5F7CE /* Sources */,
				31E1E34D2AFF4BDC00A5F7CE /* Frameworks */,
				31E1E34E2AFF4BDC00A5F7CE /* Resources */,
			);
			buildRules = (
			);
			dependencies = (
			);
			name = GardenAR;
			productName = GardenAR;
			productReference = 31E1E3502AFF4BDC00A5F7CE /* GardenAR.app */;
			productType = "com.apple.product-type.application";
		};
/* End PBXNativeTarget section */

/* Begin PBXProject section */
		31E1E3482AFF4BDC00A5F7CE /* Project object */ = {
			isa = PBXProject;
			attributes = {
				BuildIndependentTargetsInParallel = 1;
				LastSwiftUpdateCheck = 1500;
				LastUpgradeCheck = 1500;
				TargetAttributes = {
					31E1E34F2AFF4BDC00A5F7CE = {
						CreatedOnToolsVersion = 15.0.1;
					};
				};
			};
			buildConfigurationList = 31E1E34B2AFF4BDC00A5F7CE /* Build configuration list for PBXProject "GardenAR" */;
			compatibilityVersion = "Xcode 14.0";
			developmentRegion = en;
			hasScannedForEncodings = 0;
			knownRegions = (
				en,
				Base,
			);
			mainGroup = 31E1E3472AFF4BDC00A5F7CE;
			productRefGroup = 31E1E3512AFF4BDC00A5F7CE /* Products */;
			projectDirPath = "";
			projectRoot = "";
			targets = (
				31E1E34F2AFF4BDC00A5F7CE /* GardenAR */,
			);
		};
/* End PBXProject section */

/* Begin PBXResourcesBuildPhase section */
		31E1E34E2AFF4BDC00A5F7CE /* Resources */ = {
			isa = PBXResourcesBuildPhase;
			buildActionMask = 2147483647;
			files = (
				7E9358912BB102DF004A6798 /* LaunchScreen.storyboard in Resources */,
				31E1E35B2AFF4BDE00A5F7CE /* Preview Assets.xcassets in Resources */,
				31E1E3582AFF4BDE00A5F7CE /* Assets.xcassets in Resources */,
			);
			runOnlyForDeploymentPostprocessing = 0;
		};
/* End PBXResourcesBuildPhase section */

/* Begin PBXSourcesBuildPhase section */
		31E1E34C2AFF4BDC00A5F7CE /* Sources */ = {
			isa = PBXSourcesBuildPhase;
			buildActionMask = 2147483647;
			files = (
				31D50EB32B086EF800235964 /* CommunityView.swift in Sources */,
				31D50EB02B085E1E00235964 /* DiscoverView.swift in Sources */,
				7EB72D362BB39F4E00B4DDE8 /* PlantReply.swift in Sources */,
				7EDE9A002BBFD6D600BFB6A5 /* CompendiumInfo.swift in Sources */,
				7EB72D4B2BB51C2E00B4DDE8 /* CompendiumNetwork.swift in Sources */,
				7EB72D282BB39EB000B4DDE8 /* AccountReply.swift in Sources */,
				312E4AD72B042B1E00DDF3C7 /* PlantRow.swift in Sources */,
				31E1E3562AFF4BDC00A5F7CE /* ContentView.swift in Sources */,
				31D50EAD2B08546300235964 /* NotificationRow.swift in Sources */,
				7EFEF4632BD49DA3007B80E1 /* CategoryNetwork.swift in Sources */,
				31D50EAB2B08514100235964 /* NotificationView.swift in Sources */,
				7EB72D4D2BB51C9800B4DDE8 /* PlantNetwork.swift in Sources */,
				7EB72D2E2BB39EF500B4DDE8 /* CompendiumRequest.swift in Sources */,
				7EB72D302BB39F0900B4DDE8 /* PlantRequest.swift in Sources */,
				7EB72D182BB365C700B4DDE8 /* CompendiumModel.swift in Sources */,
				7EB72D412BB4E8D700B4DDE8 /* SessionReply.swift in Sources */,
				31E1E3542AFF4BDC00A5F7CE /* GardenARApp.swift in Sources */,
				7EB72D432BB4E91B00B4DDE8 /* SessionRequest.swift in Sources */,
				7EDE99FE2BBFD6CA00BFB6A5 /* CompendiumRow.swift in Sources */,
				7E6FC30F2B9EB5ED003814A2 /* RegisterView.swift in Sources */,
				7EFEF4612BD49817007B80E1 /* CategoryRequest.swift in Sources */,
				31D50EB72B086FC700235964 /* PostRow.swift in Sources */,
				7EDE9A022BC0073000BFB6A5 /* UserHeaderBar.swift in Sources */,
				31E1E3662AFF510200A5F7CE /* GardenView.swift in Sources */,
				7EEE2D1C2BB7823E002B2A9B /* CommentReply.swift in Sources */,
				7EB72D382BB39F5800B4DDE8 /* PostReply.swift in Sources */,
				7EB72D3F2BB3D71500B4DDE8 /* ErrorReply.swift in Sources */,
				7EFEF45D2BD4963B007B80E1 /* CategoryModel.swift in Sources */,
				7EEE2D1E2BB78282002B2A9B /* CommentNetwork.swift in Sources */,
				7EB72D162BB3641700B4DDE8 /* AccountModel.swift in Sources */,
				7EEE2D1A2BB781FE002B2A9B /* CommentRequest.swift in Sources */,
				7EB72D342BB39F4500B4DDE8 /* CompendiumReply.swift in Sources */,
				7EB72D1A2BB365FE00B4DDE8 /* PlantModel.swift in Sources */,
				7EFEF45F2BD49783007B80E1 /* CategoryReply.swift in Sources */,
				7EEE2D182BB7804E002B2A9B /* CommentModel.swift in Sources */,
				7EB72D1C2BB366A000B4DDE8 /* PostModel.swift in Sources */,
				31E1E3742AFF586800A5F7CE /* SearchView.swift in Sources */,
				7EB72D322BB39F1600B4DDE8 /* PostRequest.swift in Sources */,
				7EB72D2C2BB39ED600B4DDE8 /* AccountRequest.swift in Sources */,
				31E1E3682AFF512100A5F7CE /* TabBar.swift in Sources */,
				7EB72D4F2BB51CBD00B4DDE8 /* PostNetwork.swift in Sources */,
				7EB72D472BB512B300B4DDE8 /* AccountNetwork.swift in Sources */,
				7EB72D492BB5147F00B4DDE8 /* SessionNetwork.swift in Sources */,
				7E6FC30D2B9EB51A003814A2 /* LoginView.swift in Sources */,
				7EDE99FB2BBFCCF800BFB6A5 /* PlantInfo.swift in Sources */,
			);
			runOnlyForDeploymentPostprocessing = 0;
		};
/* End PBXSourcesBuildPhase section */

/* Begin XCBuildConfiguration section */
		31E1E35C2AFF4BDE00A5F7CE /* Debug */ = {
			isa = XCBuildConfiguration;
			buildSettings = {
				ALWAYS_SEARCH_USER_PATHS = NO;
				ASSETCATALOG_COMPILER_GENERATE_SWIFT_ASSET_SYMBOL_EXTENSIONS = YES;
				CLANG_ANALYZER_NONNULL = YES;
				CLANG_ANALYZER_NUMBER_OBJECT_CONVERSION = YES_AGGRESSIVE;
				CLANG_CXX_LANGUAGE_STANDARD = "gnu++20";
				CLANG_ENABLE_MODULES = YES;
				CLANG_ENABLE_OBJC_ARC = YES;
				CLANG_ENABLE_OBJC_WEAK = YES;
				CLANG_WARN_BLOCK_CAPTURE_AUTORELEASING = YES;
				CLANG_WARN_BOOL_CONVERSION = YES;
				CLANG_WARN_COMMA = YES;
				CLANG_WARN_CONSTANT_CONVERSION = YES;
				CLANG_WARN_DEPRECATED_OBJC_IMPLEMENTATIONS = YES;
				CLANG_WARN_DIRECT_OBJC_ISA_USAGE = YES_ERROR;
				CLANG_WARN_DOCUMENTATION_COMMENTS = YES;
				CLANG_WARN_EMPTY_BODY = YES;
				CLANG_WARN_ENUM_CONVERSION = YES;
				CLANG_WARN_INFINITE_RECURSION = YES;
				CLANG_WARN_INT_CONVERSION = YES;
				CLANG_WARN_NON_LITERAL_NULL_CONVERSION = YES;
				CLANG_WARN_OBJC_IMPLICIT_RETAIN_SELF = YES;
				CLANG_WARN_OBJC_LITERAL_CONVERSION = YES;
				CLANG_WARN_OBJC_ROOT_CLASS = YES_ERROR;
				CLANG_WARN_QUOTED_INCLUDE_IN_FRAMEWORK_HEADER = YES;
				CLANG_WARN_RANGE_LOOP_ANALYSIS = YES;
				CLANG_WARN_STRICT_PROTOTYPES = YES;
				CLANG_WARN_SUSPICIOUS_MOVE = YES;
				CLANG_WARN_UNGUARDED_AVAILABILITY = YES_AGGRESSIVE;
				CLANG_WARN_UNREACHABLE_CODE = YES;
				CLANG_WARN__DUPLICATE_METHOD_MATCH = YES;
				COPY_PHASE_STRIP = NO;
				DEBUG_INFORMATION_FORMAT = dwarf;
				ENABLE_STRICT_OBJC_MSGSEND = YES;
				ENABLE_TESTABILITY = YES;
				ENABLE_USER_SCRIPT_SANDBOXING = YES;
				GCC_C_LANGUAGE_STANDARD = gnu17;
				GCC_DYNAMIC_NO_PIC = NO;
				GCC_NO_COMMON_BLOCKS = YES;
				GCC_OPTIMIZATION_LEVEL = 0;
				GCC_PREPROCESSOR_DEFINITIONS = (
					"DEBUG=1",
					"$(inherited)",
				);
				GCC_WARN_64_TO_32_BIT_CONVERSION = YES;
				GCC_WARN_ABOUT_RETURN_TYPE = YES_ERROR;
				GCC_WARN_UNDECLARED_SELECTOR = YES;
				GCC_WARN_UNINITIALIZED_AUTOS = YES_AGGRESSIVE;
				GCC_WARN_UNUSED_FUNCTION = YES;
				GCC_WARN_UNUSED_VARIABLE = YES;
				IPHONEOS_DEPLOYMENT_TARGET = 17.0;
				LOCALIZATION_PREFERS_STRING_CATALOGS = YES;
				MTL_ENABLE_DEBUG_INFO = INCLUDE_SOURCE;
				MTL_FAST_MATH = YES;
				ONLY_ACTIVE_ARCH = YES;
				SDKROOT = iphoneos;
				SWIFT_ACTIVE_COMPILATION_CONDITIONS = "DEBUG $(inherited)";
				SWIFT_OPTIMIZATION_LEVEL = "-Onone";
			};
			name = Debug;
		};
		31E1E35D2AFF4BDE00A5F7CE /* Release */ = {
			isa = XCBuildConfiguration;
			buildSettings = {
				ALWAYS_SEARCH_USER_PATHS = NO;
				ASSETCATALOG_COMPILER_GENERATE_SWIFT_ASSET_SYMBOL_EXTENSIONS = YES;
				CLANG_ANALYZER_NONNULL = YES;
				CLANG_ANALYZER_NUMBER_OBJECT_CONVERSION = YES_AGGRESSIVE;
				CLANG_CXX_LANGUAGE_STANDARD = "gnu++20";
				CLANG_ENABLE_MODULES = YES;
				CLANG_ENABLE_OBJC_ARC = YES;
				CLANG_ENABLE_OBJC_WEAK = YES;
				CLANG_WARN_BLOCK_CAPTURE_AUTORELEASING = YES;
				CLANG_WARN_BOOL_CONVERSION = YES;
				CLANG_WARN_COMMA = YES;
				CLANG_WARN_CONSTANT_CONVERSION = YES;
				CLANG_WARN_DEPRECATED_OBJC_IMPLEMENTATIONS = YES;
				CLANG_WARN_DIRECT_OBJC_ISA_USAGE = YES_ERROR;
				CLANG_WARN_DOCUMENTATION_COMMENTS = YES;
				CLANG_WARN_EMPTY_BODY = YES;
				CLANG_WARN_ENUM_CONVERSION = YES;
				CLANG_WARN_INFINITE_RECURSION = YES;
				CLANG_WARN_INT_CONVERSION = YES;
				CLANG_WARN_NON_LITERAL_NULL_CONVERSION = YES;
				CLANG_WARN_OBJC_IMPLICIT_RETAIN_SELF = YES;
				CLANG_WARN_OBJC_LITERAL_CONVERSION = YES;
				CLANG_WARN_OBJC_ROOT_CLASS = YES_ERROR;
				CLANG_WARN_QUOTED_INCLUDE_IN_FRAMEWORK_HEADER = YES;
				CLANG_WARN_RANGE_LOOP_ANALYSIS = YES;
				CLANG_WARN_STRICT_PROTOTYPES = YES;
				CLANG_WARN_SUSPICIOUS_MOVE = YES;
				CLANG_WARN_UNGUARDED_AVAILABILITY = YES_AGGRESSIVE;
				CLANG_WARN_UNREACHABLE_CODE = YES;
				CLANG_WARN__DUPLICATE_METHOD_MATCH = YES;
				COPY_PHASE_STRIP = NO;
				DEBUG_INFORMATION_FORMAT = "dwarf-with-dsym";
				ENABLE_NS_ASSERTIONS = NO;
				ENABLE_STRICT_OBJC_MSGSEND = YES;
				ENABLE_USER_SCRIPT_SANDBOXING = YES;
				GCC_C_LANGUAGE_STANDARD = gnu17;
				GCC_NO_COMMON_BLOCKS = YES;
				GCC_WARN_64_TO_32_BIT_CONVERSION = YES;
				GCC_WARN_ABOUT_RETURN_TYPE = YES_ERROR;
				GCC_WARN_UNDECLARED_SELECTOR = YES;
				GCC_WARN_UNINITIALIZED_AUTOS = YES_AGGRESSIVE;
				GCC_WARN_UNUSED_FUNCTION = YES;
				GCC_WARN_UNUSED_VARIABLE = YES;
				IPHONEOS_DEPLOYMENT_TARGET = 17.0;
				LOCALIZATION_PREFERS_STRING_CATALOGS = YES;
				MTL_ENABLE_DEBUG_INFO = NO;
				MTL_FAST_MATH = YES;
				SDKROOT = iphoneos;
				SWIFT_COMPILATION_MODE = wholemodule;
				VALIDATE_PRODUCT = YES;
			};
			name = Release;
		};
		31E1E35F2AFF4BDE00A5F7CE /* Debug */ = {
			isa = XCBuildConfiguration;
			buildSettings = {
				ASSETCATALOG_COMPILER_APPICON_NAME = AppIcon;
				ASSETCATALOG_COMPILER_GLOBAL_ACCENT_COLOR_NAME = AccentColor;
				CODE_SIGN_STYLE = Automatic;
				CURRENT_PROJECT_VERSION = 1;
				DEVELOPMENT_ASSET_PATHS = "\"GardenAR/Preview Content\"";
				DEVELOPMENT_TEAM = XDHGQ8DB2M;
				ENABLE_PREVIEWS = YES;
				GENERATE_INFOPLIST_FILE = YES;
				INFOPLIST_KEY_UIApplicationSceneManifest_Generation = YES;
				INFOPLIST_KEY_UIApplicationSupportsIndirectInputEvents = YES;
				INFOPLIST_KEY_UILaunchScreen_Generation = YES;
				INFOPLIST_KEY_UILaunchStoryboardName = LaunchScreen.storyboard;
				INFOPLIST_KEY_UISupportedInterfaceOrientations_iPad = "UIInterfaceOrientationPortrait UIInterfaceOrientationPortraitUpsideDown UIInterfaceOrientationLandscapeLeft UIInterfaceOrientationLandscapeRight";
				INFOPLIST_KEY_UISupportedInterfaceOrientations_iPhone = "UIInterfaceOrientationPortrait UIInterfaceOrientationLandscapeLeft UIInterfaceOrientationLandscapeRight";
				LD_RUNPATH_SEARCH_PATHS = (
					"$(inherited)",
					"@executable_path/Frameworks",
				);
				MARKETING_VERSION = 1.0;
				PRODUCT_BUNDLE_IDENTIFIER = com.aashishkapoor.GardenAR;
				PRODUCT_NAME = "$(TARGET_NAME)";
				SWIFT_EMIT_LOC_STRINGS = YES;
				SWIFT_VERSION = 5.0;
				TARGETED_DEVICE_FAMILY = "1,2";
			};
			name = Debug;
		};
		31E1E3602AFF4BDE00A5F7CE /* Release */ = {
			isa = XCBuildConfiguration;
			buildSettings = {
				ASSETCATALOG_COMPILER_APPICON_NAME = AppIcon;
				ASSETCATALOG_COMPILER_GLOBAL_ACCENT_COLOR_NAME = AccentColor;
				CODE_SIGN_STYLE = Automatic;
				CURRENT_PROJECT_VERSION = 1;
				DEVELOPMENT_ASSET_PATHS = "\"GardenAR/Preview Content\"";
				DEVELOPMENT_TEAM = XDHGQ8DB2M;
				ENABLE_PREVIEWS = YES;
				GENERATE_INFOPLIST_FILE = YES;
				INFOPLIST_KEY_UIApplicationSceneManifest_Generation = YES;
				INFOPLIST_KEY_UIApplicationSupportsIndirectInputEvents = YES;
				INFOPLIST_KEY_UILaunchScreen_Generation = YES;
				INFOPLIST_KEY_UILaunchStoryboardName = LaunchScreen.storyboard;
				INFOPLIST_KEY_UISupportedInterfaceOrientations_iPad = "UIInterfaceOrientationPortrait UIInterfaceOrientationPortraitUpsideDown UIInterfaceOrientationLandscapeLeft UIInterfaceOrientationLandscapeRight";
				INFOPLIST_KEY_UISupportedInterfaceOrientations_iPhone = "UIInterfaceOrientationPortrait UIInterfaceOrientationLandscapeLeft UIInterfaceOrientationLandscapeRight";
				LD_RUNPATH_SEARCH_PATHS = (
					"$(inherited)",
					"@executable_path/Frameworks",
				);
				MARKETING_VERSION = 1.0;
				PRODUCT_BUNDLE_IDENTIFIER = com.aashishkapoor.GardenAR;
				PRODUCT_NAME = "$(TARGET_NAME)";
				SWIFT_EMIT_LOC_STRINGS = YES;
				SWIFT_VERSION = 5.0;
				TARGETED_DEVICE_FAMILY = "1,2";
			};
			name = Release;
		};
/* End XCBuildConfiguration section */

/* Begin XCConfigurationList section */
		31E1E34B2AFF4BDC00A5F7CE /* Build configuration list for PBXProject "GardenAR" */ = {
			isa = XCConfigurationList;
			buildConfigurations = (
				31E1E35C2AFF4BDE00A5F7CE /* Debug */,
				31E1E35D2AFF4BDE00A5F7CE /* Release */,
			);
			defaultConfigurationIsVisible = 0;
			defaultConfigurationName = Release;
		};
		31E1E35E2AFF4BDE00A5F7CE /* Build configuration list for PBXNativeTarget "GardenAR" */ = {
			isa = XCConfigurationList;
			buildConfigurations = (
				31E1E35F2AFF4BDE00A5F7CE /* Debug */,
				31E1E3602AFF4BDE00A5F7CE /* Release */,
			);
			defaultConfigurationIsVisible = 0;
			defaultConfigurationName = Release;
		};
/* End XCConfigurationList section */
	};
	rootObject = 31E1E3482AFF4BDC00A5F7CE /* Project object */;
}
